
Microsoft Visual Studio Solution File, Format Version 12.00
# Visual Studio Version 17
VisualStudioVersion = 17.11.35431.28
MinimumVisualStudioVersion = 10.0.40219.1
Project("{FAE04EC0-301F-11D3-BF4B-00C04F79EFBC}") = "数据调整综合工具", "数据调整综合工具\数据调整综合工具.csproj", "{06164668-7B25-49C9-BDE7-68026CFF4A22}"
EndProject
Project("{FAE04EC0-301F-11D3-BF4B-00C04F79EFBC}") = "XP.DB.Future", "..\XP公共类库\数据库\XP.DB.Future\XP.DB.Future.csproj", "{45249AF8-673D-4244-9EDB-181AC79EA12F}"
EndProject
Project("{2150E333-8FDC-42A3-9474-1A3956D46DE8}") = "基础功能", "基础功能", "{849EB391-7561-48ED-81A0-2854E0D922C4}"
EndProject
Project("{FAE04EC0-301F-11D3-BF4B-00C04F79EFBC}") = "XP.Comm", "..\XP公共类库\XP.Comm\XP.Comm.csproj", "{0429227A-A0ED-4DB2-86BF-4105BA1E33D4}"
EndProject
Project("{FAE04EC0-301F-11D3-BF4B-00C04F79EFBC}") = "XP.Util", "..\XP公共类库\XP.Util\XP.Util.csproj", "{69F27CB0-4665-4422-98FC-5FBD927CDA0D}"
EndProject
Project("{FAE04EC0-301F-11D3-BF4B-00C04F79EFBC}") = "XP.Util.Web", "..\XP公共类库\XP.Util.Web\XP.Util.Web.csproj", "{A82E5F89-C314-4F08-B36C-A9CE7E3F1951}"
EndProject
Project("{FAE04EC0-301F-11D3-BF4B-00C04F79EFBC}") = "XP.Comm.Web", "..\XP公共类库\XP.Comm.Web\XP.Comm.Web.csproj", "{DEB0EF71-5473-4A09-B36A-6FA356AB6006}"
EndProject
Project("{2150E333-8FDC-42A3-9474-1A3956D46DE8}") = "输入输出", "输入输出", "{658FA22D-A452-49E7-8968-58C04CEDD43B}"
EndProject
Project("{FAE04EC0-301F-11D3-BF4B-00C04F79EFBC}") = "XP.IO.NPIO", "..\XP公共类库\输入输出\XP.IO.NPIO\XP.IO.NPIO.csproj", "{60ED5B37-9901-4C81-BB9A-E0FDD319D9A9}"
EndProject
Project("{2150E333-8FDC-42A3-9474-1A3956D46DE8}") = "数据", "数据", "{3B78ECFD-853C-4F22-9BBB-BEF387CCE148}"
EndProject
Project("{FAE04EC0-301F-11D3-BF4B-00C04F79EFBC}") = "XP.DB.DbEntity", "XP.DbEntity\XP.DB.DbEntity.csproj", "{BD17F8E4-DDBF-4A37-BEEA-600616BC6794}"
EndProject
Project("{FAE04EC0-301F-11D3-BF4B-00C04F79EFBC}") = "XP.DB.MiniEF", "XP.DB.MiniEF\XP.DB.MiniEF.csproj", "{639F025F-A8D1-4294-807A-48D465843713}"
EndProject
Project("{FAE04EC0-301F-11D3-BF4B-00C04F79EFBC}") = "XP.DB.ProviderManage", "XP.DB.ProviderManage\XP.DB.ProviderManage.csproj", "{B9135DD5-35C4-4DCB-BF84-C20B443F4DA6}"
EndProject
Project("{FAE04EC0-301F-11D3-BF4B-00C04F79EFBC}") = "XP.DB.Comm", "..\XP公共类库\数据库\XP.DB.Common\XP.DB.Comm.csproj", "{2840E5C4-3BF5-4C57-958B-FB4BCA9749B6}"
EndProject
Project("{FAE04EC0-301F-11D3-BF4B-00C04F79EFBC}") = "XP.DBTools.BLL", "XP.DBTools.BLL\XP.DBTools.BLL.csproj", "{AEF60866-3D77-4AF6-BE7F-C6DC7F907D90}"
EndProject
Project("{FAE04EC0-301F-11D3-BF4B-00C04F79EFBC}") = "XP.Text.Tags", "..\XP公共类库\文本\XP.Text.Tags\XP.Text.Tags.csproj", "{E1910D5B-6DFD-4ACF-A248-9432CB014571}"
EndProject
Project("{2150E333-8FDC-42A3-9474-1A3956D46DE8}") = "文本", "文本", "{170AA4CF-7D9E-48F2-A78D-DF812A43DB29}"
EndProject
Project("{FAE04EC0-301F-11D3-BF4B-00C04F79EFBC}") = "XP.Text.Tags.UT", "..\XP公共类库\文本\XP.Text.Tags.UT\XP.Text.Tags.UT.csproj", "{621306C5-22CD-4CAA-A668-E16510E81D58}"
EndProject
Project("{FAE04EC0-301F-11D3-BF4B-00C04F79EFBC}") = "XP.Console", "XP.Console\XP.Console.csproj", "{BC96E320-6593-4A25-AC51-42FD2EE82C2A}"
EndProject
Global
	GlobalSection(SolutionConfigurationPlatforms) = preSolution
		Debug|Any CPU = Debug|Any CPU
		Debug|x64 = Debug|x64
		Release|Any CPU = Release|Any CPU
		Release|x64 = Release|x64
	EndGlobalSection
	GlobalSection(ProjectConfigurationPlatforms) = postSolution
		{06164668-7B25-49C9-BDE7-68026CFF4A22}.Debug|Any CPU.ActiveCfg = Debug|Any CPU
		{06164668-7B25-49C9-BDE7-68026CFF4A22}.Debug|Any CPU.Build.0 = Debug|Any CPU
		{06164668-7B25-49C9-BDE7-68026CFF4A22}.Debug|x64.ActiveCfg = Debug|x64
		{06164668-7B25-49C9-BDE7-68026CFF4A22}.Debug|x64.Build.0 = Debug|x64
		{06164668-7B25-49C9-BDE7-68026CFF4A22}.Release|Any CPU.ActiveCfg = Release|Any CPU
		{06164668-7B25-49C9-BDE7-68026CFF4A22}.Release|Any CPU.Build.0 = Release|Any CPU
		{06164668-7B25-49C9-BDE7-68026CFF4A22}.Release|x64.ActiveCfg = Release|x64
		{06164668-7B25-49C9-BDE7-68026CFF4A22}.Release|x64.Build.0 = Release|x64
		{45249AF8-673D-4244-9EDB-181AC79EA12F}.Debug|Any CPU.ActiveCfg = Debug|Any CPU
		{45249AF8-673D-4244-9EDB-181AC79EA12F}.Debug|Any CPU.Build.0 = Debug|Any CPU
		{45249AF8-673D-4244-9EDB-181AC79EA12F}.Debug|x64.ActiveCfg = Debug|x64
		{45249AF8-673D-4244-9EDB-181AC79EA12F}.Debug|x64.Build.0 = Debug|x64
		{45249AF8-673D-4244-9EDB-181AC79EA12F}.Release|Any CPU.ActiveCfg = Release|Any CPU
		{45249AF8-673D-4244-9EDB-181AC79EA12F}.Release|Any CPU.Build.0 = Release|Any CPU
		{45249AF8-673D-4244-9EDB-181AC79EA12F}.Release|x64.ActiveCfg = Release|x64
		{45249AF8-673D-4244-9EDB-181AC79EA12F}.Release|x64.Build.0 = Release|x64
		{0429227A-A0ED-4DB2-86BF-4105BA1E33D4}.Debug|Any CPU.ActiveCfg = Debug|Any CPU
		{0429227A-A0ED-4DB2-86BF-4105BA1E33D4}.Debug|Any CPU.Build.0 = Debug|Any CPU
		{0429227A-A0ED-4DB2-86BF-4105BA1E33D4}.Debug|x64.ActiveCfg = Debug|x64
		{0429227A-A0ED-4DB2-86BF-4105BA1E33D4}.Debug|x64.Build.0 = Debug|x64
		{0429227A-A0ED-4DB2-86BF-4105BA1E33D4}.Release|Any CPU.ActiveCfg = Release|Any CPU
		{0429227A-A0ED-4DB2-86BF-4105BA1E33D4}.Release|Any CPU.Build.0 = Release|Any CPU
		{0429227A-A0ED-4DB2-86BF-4105BA1E33D4}.Release|x64.ActiveCfg = Release|x64
		{0429227A-A0ED-4DB2-86BF-4105BA1E33D4}.Release|x64.Build.0 = Release|x64
		{69F27CB0-4665-4422-98FC-5FBD927CDA0D}.Debug|Any CPU.ActiveCfg = Debug|Any CPU
		{69F27CB0-4665-4422-98FC-5FBD927CDA0D}.Debug|Any CPU.Build.0 = Debug|Any CPU
		{69F27CB0-4665-4422-98FC-5FBD927CDA0D}.Debug|x64.ActiveCfg = Debug|x64
		{69F27CB0-4665-4422-98FC-5FBD927CDA0D}.Debug|x64.Build.0 = Debug|x64
		{69F27CB0-4665-4422-98FC-5FBD927CDA0D}.Release|Any CPU.ActiveCfg = Release|Any CPU
		{69F27CB0-4665-4422-98FC-5FBD927CDA0D}.Release|Any CPU.Build.0 = Release|Any CPU
		{69F27CB0-4665-4422-98FC-5FBD927CDA0D}.Release|x64.ActiveCfg = Release|x64
		{69F27CB0-4665-4422-98FC-5FBD927CDA0D}.Release|x64.Build.0 = Release|x64
		{A82E5F89-C314-4F08-B36C-A9CE7E3F1951}.Debug|Any CPU.ActiveCfg = Debug|Any CPU
		{A82E5F89-C314-4F08-B36C-A9CE7E3F1951}.Debug|Any CPU.Build.0 = Debug|Any CPU
		{A82E5F89-C314-4F08-B36C-A9CE7E3F1951}.Debug|x64.ActiveCfg = Debug|x64
		{A82E5F89-C314-4F08-B36C-A9CE7E3F1951}.Debug|x64.Build.0 = Debug|x64
		{A82E5F89-C314-4F08-B36C-A9CE7E3F1951}.Release|Any CPU.ActiveCfg = Release|Any CPU
		{A82E5F89-C314-4F08-B36C-A9CE7E3F1951}.Release|Any CPU.Build.0 = Release|Any CPU
		{A82E5F89-C314-4F08-B36C-A9CE7E3F1951}.Release|x64.ActiveCfg = Release|x64
		{A82E5F89-C314-4F08-B36C-A9CE7E3F1951}.Release|x64.Build.0 = Release|x64
		{DEB0EF71-5473-4A09-B36A-6FA356AB6006}.Debug|Any CPU.ActiveCfg = Debug|Any CPU
		{DEB0EF71-5473-4A09-B36A-6FA356AB6006}.Debug|Any CPU.Build.0 = Debug|Any CPU
		{DEB0EF71-5473-4A09-B36A-6FA356AB6006}.Debug|x64.ActiveCfg = Debug|x64
		{DEB0EF71-5473-4A09-B36A-6FA356AB6006}.Debug|x64.Build.0 = Debug|x64
		{DEB0EF71-5473-4A09-B36A-6FA356AB6006}.Release|Any CPU.ActiveCfg = Release|Any CPU
		{DEB0EF71-5473-4A09-B36A-6FA356AB6006}.Release|Any CPU.Build.0 = Release|Any CPU
		{DEB0EF71-5473-4A09-B36A-6FA356AB6006}.Release|x64.ActiveCfg = Release|x64
		{DEB0EF71-5473-4A09-B36A-6FA356AB6006}.Release|x64.Build.0 = Release|x64
		{60ED5B37-9901-4C81-BB9A-E0FDD319D9A9}.Debug|Any CPU.ActiveCfg = Debug|Any CPU
		{60ED5B37-9901-4C81-BB9A-E0FDD319D9A9}.Debug|Any CPU.Build.0 = Debug|Any CPU
		{60ED5B37-9901-4C81-BB9A-E0FDD319D9A9}.Debug|x64.ActiveCfg = Debug|x64
		{60ED5B37-9901-4C81-BB9A-E0FDD319D9A9}.Debug|x64.Build.0 = Debug|x64
		{60ED5B37-9901-4C81-BB9A-E0FDD319D9A9}.Release|Any CPU.ActiveCfg = Release|Any CPU
		{60ED5B37-9901-4C81-BB9A-E0FDD319D9A9}.Release|Any CPU.Build.0 = Release|Any CPU
		{60ED5B37-9901-4C81-BB9A-E0FDD319D9A9}.Release|x64.ActiveCfg = Release|x64
		{60ED5B37-9901-4C81-BB9A-E0FDD319D9A9}.Release|x64.Build.0 = Release|x64
		{BD17F8E4-DDBF-4A37-BEEA-600616BC6794}.Debug|Any CPU.ActiveCfg = Debug|Any CPU
		{BD17F8E4-DDBF-4A37-BEEA-600616BC6794}.Debug|Any CPU.Build.0 = Debug|Any CPU
		{BD17F8E4-DDBF-4A37-BEEA-600616BC6794}.Debug|x64.ActiveCfg = Debug|x64
		{BD17F8E4-DDBF-4A37-BEEA-600616BC6794}.Debug|x64.Build.0 = Debug|x64
		{BD17F8E4-DDBF-4A37-BEEA-600616BC6794}.Release|Any CPU.ActiveCfg = Release|Any CPU
		{BD17F8E4-DDBF-4A37-BEEA-600616BC6794}.Release|Any CPU.Build.0 = Release|Any CPU
		{BD17F8E4-DDBF-4A37-BEEA-600616BC6794}.Release|x64.ActiveCfg = Release|x64
		{BD17F8E4-DDBF-4A37-BEEA-600616BC6794}.Release|x64.Build.0 = Release|x64
		{639F025F-A8D1-4294-807A-48D465843713}.Debug|Any CPU.ActiveCfg = Debug|Any CPU
		{639F025F-A8D1-4294-807A-48D465843713}.Debug|Any CPU.Build.0 = Debug|Any CPU
		{639F025F-A8D1-4294-807A-48D465843713}.Debug|x64.ActiveCfg = Debug|x64
		{639F025F-A8D1-4294-807A-48D465843713}.Debug|x64.Build.0 = Debug|x64
		{639F025F-A8D1-4294-807A-48D465843713}.Release|Any CPU.ActiveCfg = Release|Any CPU
		{639F025F-A8D1-4294-807A-48D465843713}.Release|Any CPU.Build.0 = Release|Any CPU
		{639F025F-A8D1-4294-807A-48D465843713}.Release|x64.ActiveCfg = Release|x64
		{639F025F-A8D1-4294-807A-48D465843713}.Release|x64.Build.0 = Release|x64
		{B9135DD5-35C4-4DCB-BF84-C20B443F4DA6}.Debug|Any CPU.ActiveCfg = Debug|Any CPU
		{B9135DD5-35C4-4DCB-BF84-C20B443F4DA6}.Debug|Any CPU.Build.0 = Debug|Any CPU
		{B9135DD5-35C4-4DCB-BF84-C20B443F4DA6}.Debug|x64.ActiveCfg = Debug|x64
		{B9135DD5-35C4-4DCB-BF84-C20B443F4DA6}.Debug|x64.Build.0 = Debug|x64
		{B9135DD5-35C4-4DCB-BF84-C20B443F4DA6}.Release|Any CPU.ActiveCfg = Release|Any CPU
		{B9135DD5-35C4-4DCB-BF84-C20B443F4DA6}.Release|Any CPU.Build.0 = Release|Any CPU
		{B9135DD5-35C4-4DCB-BF84-C20B443F4DA6}.Release|x64.ActiveCfg = Release|x64
		{B9135DD5-35C4-4DCB-BF84-C20B443F4DA6}.Release|x64.Build.0 = Release|x64
		{2840E5C4-3BF5-4C57-958B-FB4BCA9749B6}.Debug|Any CPU.ActiveCfg = Debug|Any CPU
		{2840E5C4-3BF5-4C57-958B-FB4BCA9749B6}.Debug|Any CPU.Build.0 = Debug|Any CPU
		{2840E5C4-3BF5-4C57-958B-FB4BCA9749B6}.Debug|x64.ActiveCfg = Debug|x64
		{2840E5C4-3BF5-4C57-958B-FB4BCA9749B6}.Debug|x64.Build.0 = Debug|x64
		{2840E5C4-3BF5-4C57-958B-FB4BCA9749B6}.Release|Any CPU.ActiveCfg = Release|Any CPU
		{2840E5C4-3BF5-4C57-958B-FB4BCA9749B6}.Release|Any CPU.Build.0 = Release|Any CPU
		{2840E5C4-3BF5-4C57-958B-FB4BCA9749B6}.Release|x64.ActiveCfg = Release|x64
		{2840E5C4-3BF5-4C57-958B-FB4BCA9749B6}.Release|x64.Build.0 = Release|x64
		{AEF60866-3D77-4AF6-BE7F-C6DC7F907D90}.Debug|Any CPU.ActiveCfg = Debug|Any CPU
		{AEF60866-3D77-4AF6-BE7F-C6DC7F907D90}.Debug|Any CPU.Build.0 = Debug|Any CPU
		{AEF60866-3D77-4AF6-BE7F-C6DC7F907D90}.Debug|x64.ActiveCfg = Debug|x64
		{AEF60866-3D77-4AF6-BE7F-C6DC7F907D90}.Debug|x64.Build.0 = Debug|x64
		{AEF60866-3D77-4AF6-BE7F-C6DC7F907D90}.Release|Any CPU.ActiveCfg = Release|Any CPU
		{AEF60866-3D77-4AF6-BE7F-C6DC7F907D90}.Release|Any CPU.Build.0 = Release|Any CPU
		{AEF60866-3D77-4AF6-BE7F-C6DC7F907D90}.Release|x64.ActiveCfg = Release|x64
		{AEF60866-3D77-4AF6-BE7F-C6DC7F907D90}.Release|x64.Build.0 = Release|x64
		{E1910D5B-6DFD-4ACF-A248-9432CB014571}.Debug|Any CPU.ActiveCfg = Debug|Any CPU
		{E1910D5B-6DFD-4ACF-A248-9432CB014571}.Debug|Any CPU.Build.0 = Debug|Any CPU
		{E1910D5B-6DFD-4ACF-A248-9432CB014571}.Debug|x64.ActiveCfg = Debug|x64
		{E1910D5B-6DFD-4ACF-A248-9432CB014571}.Debug|x64.Build.0 = Debug|x64
		{E1910D5B-6DFD-4ACF-A248-9432CB014571}.Release|Any CPU.ActiveCfg = Release|Any CPU
		{E1910D5B-6DFD-4ACF-A248-9432CB014571}.Release|Any CPU.Build.0 = Release|Any CPU
		{E1910D5B-6DFD-4ACF-A248-9432CB014571}.Release|x64.ActiveCfg = Release|x64
		{E1910D5B-6DFD-4ACF-A248-9432CB014571}.Release|x64.Build.0 = Release|x64
		{621306C5-22CD-4CAA-A668-E16510E81D58}.Debug|Any CPU.ActiveCfg = Debug|Any CPU
		{621306C5-22CD-4CAA-A668-E16510E81D58}.Debug|Any CPU.Build.0 = Debug|Any CPU
		{621306C5-22CD-4CAA-A668-E16510E81D58}.Debug|x64.ActiveCfg = Debug|x64
		{621306C5-22CD-4CAA-A668-E16510E81D58}.Debug|x64.Build.0 = Debug|x64
		{621306C5-22CD-4CAA-A668-E16510E81D58}.Release|Any CPU.ActiveCfg = Release|Any CPU
		{621306C5-22CD-4CAA-A668-E16510E81D58}.Release|Any CPU.Build.0 = Release|Any CPU
		{621306C5-22CD-4CAA-A668-E16510E81D58}.Release|x64.ActiveCfg = Release|x64
		{621306C5-22CD-4CAA-A668-E16510E81D58}.Release|x64.Build.0 = Release|x64
		{BC96E320-6593-4A25-AC51-42FD2EE82C2A}.Debug|Any CPU.ActiveCfg = Debug|Any CPU
		{BC96E320-6593-4A25-AC51-42FD2EE82C2A}.Debug|Any CPU.Build.0 = Debug|Any CPU
		{BC96E320-6593-4A25-AC51-42FD2EE82C2A}.Debug|x64.ActiveCfg = Debug|x64
		{BC96E320-6593-4A25-AC51-42FD2EE82C2A}.Debug|x64.Build.0 = Debug|x64
		{BC96E320-6593-4A25-AC51-42FD2EE82C2A}.Release|Any CPU.ActiveCfg = Release|Any CPU
		{BC96E320-6593-4A25-AC51-42FD2EE82C2A}.Release|Any CPU.Build.0 = Release|Any CPU
		{BC96E320-6593-4A25-AC51-42FD2EE82C2A}.Release|x64.ActiveCfg = Release|x64
		{BC96E320-6593-4A25-AC51-42FD2EE82C2A}.Release|x64.Build.0 = Release|x64
	EndGlobalSection
	GlobalSection(SolutionProperties) = preSolution
		HideSolutionNode = FALSE
	EndGlobalSection
	GlobalSection(NestedProjects) = preSolution
		{45249AF8-673D-4244-9EDB-181AC79EA12F} = {3B78ECFD-853C-4F22-9BBB-BEF387CCE148}
		{0429227A-A0ED-4DB2-86BF-4105BA1E33D4} = {849EB391-7561-48ED-81A0-2854E0D922C4}
		{69F27CB0-4665-4422-98FC-5FBD927CDA0D} = {849EB391-7561-48ED-81A0-2854E0D922C4}
		{A82E5F89-C314-4F08-B36C-A9CE7E3F1951} = {849EB391-7561-48ED-81A0-2854E0D922C4}
		{DEB0EF71-5473-4A09-B36A-6FA356AB6006} = {849EB391-7561-48ED-81A0-2854E0D922C4}
		{60ED5B37-9901-4C81-BB9A-E0FDD319D9A9} = {658FA22D-A452-49E7-8968-58C04CEDD43B}
		{BD17F8E4-DDBF-4A37-BEEA-600616BC6794} = {3B78ECFD-853C-4F22-9BBB-BEF387CCE148}
		{639F025F-A8D1-4294-807A-48D465843713} = {3B78ECFD-853C-4F22-9BBB-BEF387CCE148}
		{B9135DD5-35C4-4DCB-BF84-C20B443F4DA6} = {3B78ECFD-853C-4F22-9BBB-BEF387CCE148}
		{2840E5C4-3BF5-4C57-958B-FB4BCA9749B6} = {3B78ECFD-853C-4F22-9BBB-BEF387CCE148}
		{AEF60866-3D77-4AF6-BE7F-C6DC7F907D90} = {3B78ECFD-853C-4F22-9BBB-BEF387CCE148}
		{E1910D5B-6DFD-4ACF-A248-9432CB014571} = {170AA4CF-7D9E-48F2-A78D-DF812A43DB29}
		{621306C5-22CD-4CAA-A668-E16510E81D58} = {170AA4CF-7D9E-48F2-A78D-DF812A43DB29}
		{BC96E320-6593-4A25-AC51-42FD2EE82C2A} = {658FA22D-A452-49E7-8968-58C04CEDD43B}
	EndGlobalSection
	GlobalSection(ExtensibilityGlobals) = postSolution
		SolutionGuid = {C4F11ED1-2CF4-45EA-95D9-DFFB664A2557}
	EndGlobalSection
EndGlobal
